
Microsoft Visual Studio Solution File, Format Version 12.00
# Visual Studio Version 16
VisualStudioVersion = 16.0.31019.35
MinimumVisualStudioVersion = 10.0.40219.1
Project("{FAE04EC0-301F-11D3-BF4B-00C04F79EFBC}") = "Vector", "Vector\Vector.csproj", "{441BCC01-99F6-4CAA-86F7-E18A32399819}"
EndProject
Global
	GlobalSection(SolutionConfigurationPlatforms) = preSolution
		Debug|Any CPU = Debug|Any CPU
		Release|Any CPU = Release|Any CPU
	EndGlobalSection
	GlobalSection(ProjectConfigurationPlatforms) = postSolution
		{441BCC01-99F6-4CAA-86F7-E18A32399819}.Debug|Any CPU.ActiveCfg = Debug|Any CPU
		{441BCC01-99F6-4CAA-86F7-E18A32399819}.Debug|Any CPU.Build.0 = Debug|Any CPU
		{441BCC01-99F6-4CAA-86F7-E18A32399819}.Release|Any CPU.ActiveCfg = Release|Any CPU
		{441BCC01-99F6-4CAA-86F7-E18A32399819}.Release|Any CPU.Build.0 = Release|Any CPU
	EndGlobalSection
	GlobalSection(SolutionProperties) = preSolution
		HideSolutionNode = FALSE
	EndGlobalSection
	GlobalSection(ExtensibilityGlobals) = postSolution
		SolutionGuid = {283B1C45-6A97-44D1-9475-B235A2B2D4EA}
	EndGlobalSection
EndGlobal
